
Microsoft Visual Studio Solution File, Format Version 12.00
# Visual Studio Version 16
VisualStudioVersion = 16.0.29209.62
MinimumVisualStudioVersion = 10.0.40219.1
Project("{FAE04EC0-301F-11D3-BF4B-00C04F79EFBC}") = "ExcelReader", "ExcelReader\ExcelReader.csproj", "{2950A307-2A26-46E6-89D6-0B9F955B1599}"
EndProject
Global
	GlobalSection(SolutionConfigurationPlatforms) = preSolution
		Debug|Any CPU = Debug|Any CPU
		Release|Any CPU = Release|Any CPU
	EndGlobalSection
	GlobalSection(ProjectConfigurationPlatforms) = postSolution
		{2950A307-2A26-46E6-89D6-0B9F955B1599}.Debug|Any CPU.ActiveCfg = Debug|Any CPU
		{2950A307-2A26-46E6-89D6-0B9F955B1599}.Debug|Any CPU.Build.0 = Debug|Any CPU
		{2950A307-2A26-46E6-89D6-0B9F955B1599}.Release|Any CPU.ActiveCfg = Release|Any CPU
		{2950A307-2A26-46E6-89D6-0B9F955B1599}.Release|Any CPU.Build.0 = Release|Any CPU
	EndGlobalSection
	GlobalSection(SolutionProperties) = preSolution
		HideSolutionNode = FALSE
	EndGlobalSection
	GlobalSection(ExtensibilityGlobals) = postSolution
		SolutionGuid = {2DED9303-C9D9-4A62-A6F4-3F0A8195D83B}
	EndGlobalSection
EndGlobal
